
Microsoft Visual Studio Solution File, Format Version 12.00
# Visual Studio Version 17
VisualStudioVersion = 17.11.35327.3
MinimumVisualStudioVersion = 10.0.40219.1
Project("{FAE04EC0-301F-11D3-BF4B-00C04F79EFBC}") = "task-4_Restaurant Order System", "task-4_Restaurant Order System\task-4_Restaurant Order System.csproj", "{F1E40727-628C-4797-AEE7-CA9E3F30E238}"
EndProject
Global
	GlobalSection(SolutionConfigurationPlatforms) = preSolution
		Debug|Any CPU = Debug|Any CPU
		Release|Any CPU = Release|Any CPU
	EndGlobalSection
	GlobalSection(ProjectConfigurationPlatforms) = postSolution
		{F1E40727-628C-4797-AEE7-CA9E3F30E238}.Debug|Any CPU.ActiveCfg = Debug|Any CPU
		{F1E40727-628C-4797-AEE7-CA9E3F30E238}.Debug|Any CPU.Build.0 = Debug|Any CPU
		{F1E40727-628C-4797-AEE7-CA9E3F30E238}.Release|Any CPU.ActiveCfg = Release|Any CPU
		{F1E40727-628C-4797-AEE7-CA9E3F30E238}.Release|Any CPU.Build.0 = Release|Any CPU
	EndGlobalSection
	GlobalSection(SolutionProperties) = preSolution
		HideSolutionNode = FALSE
	EndGlobalSection
	GlobalSection(ExtensibilityGlobals) = postSolution
		SolutionGuid = {2863A6CA-C4C8-44F5-9BF7-C369222BA565}
	EndGlobalSection
EndGlobal
